{
  "requires": true,
  "lockfileVersion": 1,
  "dependencies": {
    "gumshoejs": {
      "version": "5.1.2",
      "resolved": "https://registry.npmjs.org/gumshoejs/-/gumshoejs-5.1.2.tgz",
      "integrity": "sha512-wIRdZGTNkWMP8dY3po8mtNYmCfiSva41LxXIEek2yEHceETpxRmO7DfW7aUbHsuucC9z2oDPu3alN3+00FUqlw=="
    }
  }
}
